
Microsoft Visual Studio Solution File, Format Version 11.00
# Visual Studio 2010
Project("{2150E333-8FDC-42A3-9474-1A3956D46DE8}") = "WindowsForms", "WindowsForms", "{C1208B53-1C10-4639-B4F2-7268CFCE4631}"
EndProject
Project("{2150E333-8FDC-42A3-9474-1A3956D46DE8}") = "Silverlight", "Silverlight", "{CFB4FAA1-3F62-4176-959C-E023B17C142F}"
EndProject
Project("{2150E333-8FDC-42A3-9474-1A3956D46DE8}") = "WPF", "WPF", "{CF86D61D-A9D0-4547-9D5B-77FBDD459686}"
EndProject
Project("{2150E333-8FDC-42A3-9474-1A3956D46DE8}") = "Library", "Library", "{52962CF5-CA2C-4C03-B37F-1748EE3A83BE}"
EndProject
Project("{2150E333-8FDC-42A3-9474-1A3956D46DE8}") = "Tests", "Tests", "{A4828D92-E1EF-46CE-9D83-389A766D3A9A}"
EndProject
Project("{FAE04EC0-301F-11D3-BF4B-00C04F79EFBC}") = "NumericalMethods.Tests", "NumericalMethods.Tests\NumericalMethods.Tests.csproj", "{58816B0D-82BF-4CAF-BD48-C36A3D296FBD}"
EndProject
Project("{2150E333-8FDC-42A3-9474-1A3956D46DE8}") = "Solution Items", "Solution Items", "{CD252C69-F0AD-4614-8EB4-EB74B9077487}"
	ProjectSection(SolutionItems) = preProject
		Local.testsettings = Local.testsettings
		NumericalMethods.vsmdi = NumericalMethods.vsmdi
		TraceAndTestImpact.testsettings = TraceAndTestImpact.testsettings
	EndProjectSection
EndProject
Project("{FAE04EC0-301F-11D3-BF4B-00C04F79EFBC}") = "NumericalMethods.Library", "NumericalMethods.Library\NumericalMethods.Library.csproj", "{BDCDD1EE-CCCB-480A-9611-232FF8DD00D2}"
EndProject
Project("{FAE04EC0-301F-11D3-BF4B-00C04F79EFBC}") = "NumericalMethods.SilverlightLibrary", "NumericalMethods.SilverlightLibrary\NumericalMethods.SilverlightLibrary.csproj", "{59D2BC36-BD65-4684-9052-AFC46ED15AE4}"
EndProject
Project("{FAE04EC0-301F-11D3-BF4B-00C04F79EFBC}") = "NumericalMethods.Silverlight", "NumericalMethods.Silverlight\NumericalMethods.Silverlight.csproj", "{48EABF32-781F-432F-B87D-1AD205023F11}"
EndProject
Project("{FAE04EC0-301F-11D3-BF4B-00C04F79EFBC}") = "NumericalMethods.WinClient", "NumericalMethods.WinClient\NumericalMethods.WinClient.csproj", "{72EE825B-0BF6-415E-AC97-F55E84054022}"
EndProject
Project("{FAE04EC0-301F-11D3-BF4B-00C04F79EFBC}") = "NumericalMethods.WPF", "NumericalMethods.WPF\NumericalMethods.WPF.csproj", "{1CAFEE44-D5EE-4468-9125-5B43F4B972BD}"
EndProject
Project("{FAE04EC0-301F-11D3-BF4B-00C04F79EFBC}") = "NumericalMethods.WPF.Help", "NumericalMethods.WPF.Help\NumericalMethods.WPF.Help.csproj", "{8DF14CF1-D572-4C4E-A064-06C22587D698}"
EndProject
Project("{FAE04EC0-301F-11D3-BF4B-00C04F79EFBC}") = "NumericalMethodsLibrary", "NumericalMethodsLibrary\NumericalMethodsLibrary.csproj", "{660556AB-968A-41D9-B7EB-F1D50B2CB7D6}"
EndProject
Global
	GlobalSection(TeamFoundationVersionControl) = preSolution
		SccNumberOfProjects = 9
		SccEnterpriseProvider = {4CA58AB2-18FA-4F8D-95D4-32DDF27D184C}
		SccTeamFoundationServer = https://tfs.codeplex.com/tfs/tfs10
		SccLocalPath0 = .
		SccProjectUniqueName1 = NumericalMethods.Library\\NumericalMethods.Library.csproj
		SccProjectTopLevelParentUniqueName1 = NumericalMethods.sln
		SccProjectName1 = NumericalMethods.Library
		SccLocalPath1 = NumericalMethods.Library
		SccProjectUniqueName2 = NumericalMethods.Silverlight\\NumericalMethods.Silverlight.csproj
		SccProjectTopLevelParentUniqueName2 = NumericalMethods.sln
		SccProjectName2 = NumericalMethods.Silverlight
		SccLocalPath2 = NumericalMethods.Silverlight
		SccProjectUniqueName3 = NumericalMethods.SilverlightLibrary\\NumericalMethods.SilverlightLibrary.csproj
		SccProjectTopLevelParentUniqueName3 = NumericalMethods.sln
		SccProjectName3 = NumericalMethods.SilverlightLibrary
		SccLocalPath3 = NumericalMethods.SilverlightLibrary
		SccProjectUniqueName4 = NumericalMethods.Tests\\NumericalMethods.Tests.csproj
		SccProjectTopLevelParentUniqueName4 = NumericalMethods.sln
		SccProjectName4 = NumericalMethods.Tests
		SccLocalPath4 = NumericalMethods.Tests
		SccProjectUniqueName5 = NumericalMethods.WinClient\\NumericalMethods.WinClient.csproj
		SccProjectTopLevelParentUniqueName5 = NumericalMethods.sln
		SccProjectName5 = NumericalMethods.WinClient
		SccLocalPath5 = NumericalMethods.WinClient
		SccProjectUniqueName6 = NumericalMethods.WPF.Help\\NumericalMethods.WPF.Help.csproj
		SccProjectTopLevelParentUniqueName6 = NumericalMethods.sln
		SccProjectName6 = NumericalMethods.WPF.Help
		SccLocalPath6 = NumericalMethods.WPF.Help
		SccProjectUniqueName7 = NumericalMethods.WPF\\NumericalMethods.WPF.csproj
		SccProjectTopLevelParentUniqueName7 = NumericalMethods.sln
		SccProjectName7 = NumericalMethods.WPF
		SccLocalPath7 = NumericalMethods.WPF
		SccProjectUniqueName8 = NumericalMethodsLibrary\\NumericalMethodsLibrary.csproj
		SccProjectTopLevelParentUniqueName8 = NumericalMethods.sln
		SccProjectName8 = NumericalMethodsLibrary
		SccLocalPath8 = NumericalMethodsLibrary
	EndGlobalSection
	GlobalSection(TestCaseManagementSettings) = postSolution
		CategoryFile = NumericalMethods.vsmdi
	EndGlobalSection
	GlobalSection(SolutionConfigurationPlatforms) = preSolution
		Debug|Any CPU = Debug|Any CPU
		Debug|Mixed Platforms = Debug|Mixed Platforms
		Debug|x86 = Debug|x86
		Release|Any CPU = Release|Any CPU
		Release|Mixed Platforms = Release|Mixed Platforms
		Release|x86 = Release|x86
	EndGlobalSection
	GlobalSection(ProjectConfigurationPlatforms) = postSolution
		{58816B0D-82BF-4CAF-BD48-C36A3D296FBD}.Debug|Any CPU.ActiveCfg = Debug|Any CPU
		{58816B0D-82BF-4CAF-BD48-C36A3D296FBD}.Debug|Any CPU.Build.0 = Debug|Any CPU
		{58816B0D-82BF-4CAF-BD48-C36A3D296FBD}.Debug|Mixed Platforms.ActiveCfg = Debug|Any CPU
		{58816B0D-82BF-4CAF-BD48-C36A3D296FBD}.Debug|Mixed Platforms.Build.0 = Debug|Any CPU
		{58816B0D-82BF-4CAF-BD48-C36A3D296FBD}.Debug|x86.ActiveCfg = Debug|Any CPU
		{58816B0D-82BF-4CAF-BD48-C36A3D296FBD}.Release|Any CPU.ActiveCfg = Release|Any CPU
		{58816B0D-82BF-4CAF-BD48-C36A3D296FBD}.Release|Any CPU.Build.0 = Release|Any CPU
		{58816B0D-82BF-4CAF-BD48-C36A3D296FBD}.Release|Mixed Platforms.ActiveCfg = Release|Any CPU
		{58816B0D-82BF-4CAF-BD48-C36A3D296FBD}.Release|Mixed Platforms.Build.0 = Release|Any CPU
		{58816B0D-82BF-4CAF-BD48-C36A3D296FBD}.Release|x86.ActiveCfg = Release|Any CPU
		{BDCDD1EE-CCCB-480A-9611-232FF8DD00D2}.Debug|Any CPU.ActiveCfg = Debug|Any CPU
		{BDCDD1EE-CCCB-480A-9611-232FF8DD00D2}.Debug|Any CPU.Build.0 = Debug|Any CPU
		{BDCDD1EE-CCCB-480A-9611-232FF8DD00D2}.Debug|Mixed Platforms.ActiveCfg = Debug|Any CPU
		{BDCDD1EE-CCCB-480A-9611-232FF8DD00D2}.Debug|Mixed Platforms.Build.0 = Debug|Any CPU
		{BDCDD1EE-CCCB-480A-9611-232FF8DD00D2}.Debug|x86.ActiveCfg = Debug|Any CPU
		{BDCDD1EE-CCCB-480A-9611-232FF8DD00D2}.Release|Any CPU.ActiveCfg = Release|Any CPU
		{BDCDD1EE-CCCB-480A-9611-232FF8DD00D2}.Release|Any CPU.Build.0 = Release|Any CPU
		{BDCDD1EE-CCCB-480A-9611-232FF8DD00D2}.Release|Mixed Platforms.ActiveCfg = Release|Any CPU
		{BDCDD1EE-CCCB-480A-9611-232FF8DD00D2}.Release|Mixed Platforms.Build.0 = Release|Any CPU
		{BDCDD1EE-CCCB-480A-9611-232FF8DD00D2}.Release|x86.ActiveCfg = Release|Any CPU
		{59D2BC36-BD65-4684-9052-AFC46ED15AE4}.Debug|Any CPU.ActiveCfg = Debug|Any CPU
		{59D2BC36-BD65-4684-9052-AFC46ED15AE4}.Debug|Any CPU.Build.0 = Debug|Any CPU
		{59D2BC36-BD65-4684-9052-AFC46ED15AE4}.Debug|Mixed Platforms.ActiveCfg = Debug|Any CPU
		{59D2BC36-BD65-4684-9052-AFC46ED15AE4}.Debug|Mixed Platforms.Build.0 = Debug|Any CPU
		{59D2BC36-BD65-4684-9052-AFC46ED15AE4}.Debug|x86.ActiveCfg = Debug|Any CPU
		{59D2BC36-BD65-4684-9052-AFC46ED15AE4}.Release|Any CPU.ActiveCfg = Release|Any CPU
		{59D2BC36-BD65-4684-9052-AFC46ED15AE4}.Release|Any CPU.Build.0 = Release|Any CPU
		{59D2BC36-BD65-4684-9052-AFC46ED15AE4}.Release|Mixed Platforms.ActiveCfg = Release|Any CPU
		{59D2BC36-BD65-4684-9052-AFC46ED15AE4}.Release|Mixed Platforms.Build.0 = Release|Any CPU
		{59D2BC36-BD65-4684-9052-AFC46ED15AE4}.Release|x86.ActiveCfg = Release|Any CPU
		{48EABF32-781F-432F-B87D-1AD205023F11}.Debug|Any CPU.ActiveCfg = Debug|Any CPU
		{48EABF32-781F-432F-B87D-1AD205023F11}.Debug|Any CPU.Build.0 = Debug|Any CPU
		{48EABF32-781F-432F-B87D-1AD205023F11}.Debug|Mixed Platforms.ActiveCfg = Debug|Any CPU
		{48EABF32-781F-432F-B87D-1AD205023F11}.Debug|Mixed Platforms.Build.0 = Debug|Any CPU
		{48EABF32-781F-432F-B87D-1AD205023F11}.Debug|x86.ActiveCfg = Debug|Any CPU
		{48EABF32-781F-432F-B87D-1AD205023F11}.Release|Any CPU.ActiveCfg = Release|Any CPU
		{48EABF32-781F-432F-B87D-1AD205023F11}.Release|Any CPU.Build.0 = Release|Any CPU
		{48EABF32-781F-432F-B87D-1AD205023F11}.Release|Mixed Platforms.ActiveCfg = Release|Any CPU
		{48EABF32-781F-432F-B87D-1AD205023F11}.Release|Mixed Platforms.Build.0 = Release|Any CPU
		{48EABF32-781F-432F-B87D-1AD205023F11}.Release|x86.ActiveCfg = Release|Any CPU
		{72EE825B-0BF6-415E-AC97-F55E84054022}.Debug|Any CPU.ActiveCfg = Debug|x86
		{72EE825B-0BF6-415E-AC97-F55E84054022}.Debug|Mixed Platforms.ActiveCfg = Debug|x86
		{72EE825B-0BF6-415E-AC97-F55E84054022}.Debug|Mixed Platforms.Build.0 = Debug|x86
		{72EE825B-0BF6-415E-AC97-F55E84054022}.Debug|x86.ActiveCfg = Debug|x86
		{72EE825B-0BF6-415E-AC97-F55E84054022}.Debug|x86.Build.0 = Debug|x86
		{72EE825B-0BF6-415E-AC97-F55E84054022}.Release|Any CPU.ActiveCfg = Release|x86
		{72EE825B-0BF6-415E-AC97-F55E84054022}.Release|Mixed Platforms.ActiveCfg = Release|x86
		{72EE825B-0BF6-415E-AC97-F55E84054022}.Release|Mixed Platforms.Build.0 = Release|x86
		{72EE825B-0BF6-415E-AC97-F55E84054022}.Release|x86.ActiveCfg = Release|x86
		{72EE825B-0BF6-415E-AC97-F55E84054022}.Release|x86.Build.0 = Release|x86
		{1CAFEE44-D5EE-4468-9125-5B43F4B972BD}.Debug|Any CPU.ActiveCfg = Debug|x86
		{1CAFEE44-D5EE-4468-9125-5B43F4B972BD}.Debug|Mixed Platforms.ActiveCfg = Debug|x86
		{1CAFEE44-D5EE-4468-9125-5B43F4B972BD}.Debug|Mixed Platforms.Build.0 = Debug|x86
		{1CAFEE44-D5EE-4468-9125-5B43F4B972BD}.Debug|x86.ActiveCfg = Debug|x86
		{1CAFEE44-D5EE-4468-9125-5B43F4B972BD}.Debug|x86.Build.0 = Debug|x86
		{1CAFEE44-D5EE-4468-9125-5B43F4B972BD}.Release|Any CPU.ActiveCfg = Release|x86
		{1CAFEE44-D5EE-4468-9125-5B43F4B972BD}.Release|Mixed Platforms.ActiveCfg = Release|x86
		{1CAFEE44-D5EE-4468-9125-5B43F4B972BD}.Release|Mixed Platforms.Build.0 = Release|x86
		{1CAFEE44-D5EE-4468-9125-5B43F4B972BD}.Release|x86.ActiveCfg = Release|x86
		{1CAFEE44-D5EE-4468-9125-5B43F4B972BD}.Release|x86.Build.0 = Release|x86
		{8DF14CF1-D572-4C4E-A064-06C22587D698}.Debug|Any CPU.ActiveCfg = Debug|x86
		{8DF14CF1-D572-4C4E-A064-06C22587D698}.Debug|Mixed Platforms.ActiveCfg = Debug|x86
		{8DF14CF1-D572-4C4E-A064-06C22587D698}.Debug|Mixed Platforms.Build.0 = Debug|x86
		{8DF14CF1-D572-4C4E-A064-06C22587D698}.Debug|x86.ActiveCfg = Debug|x86
		{8DF14CF1-D572-4C4E-A064-06C22587D698}.Debug|x86.Build.0 = Debug|x86
		{8DF14CF1-D572-4C4E-A064-06C22587D698}.Release|Any CPU.ActiveCfg = Release|x86
		{8DF14CF1-D572-4C4E-A064-06C22587D698}.Release|Mixed Platforms.ActiveCfg = Release|x86
		{8DF14CF1-D572-4C4E-A064-06C22587D698}.Release|Mixed Platforms.Build.0 = Release|x86
		{8DF14CF1-D572-4C4E-A064-06C22587D698}.Release|x86.ActiveCfg = Release|x86
		{8DF14CF1-D572-4C4E-A064-06C22587D698}.Release|x86.Build.0 = Release|x86
		{660556AB-968A-41D9-B7EB-F1D50B2CB7D6}.Debug|Any CPU.ActiveCfg = Debug|Any CPU
		{660556AB-968A-41D9-B7EB-F1D50B2CB7D6}.Debug|Any CPU.Build.0 = Debug|Any CPU
		{660556AB-968A-41D9-B7EB-F1D50B2CB7D6}.Debug|Mixed Platforms.ActiveCfg = Debug|Any CPU
		{660556AB-968A-41D9-B7EB-F1D50B2CB7D6}.Debug|Mixed Platforms.Build.0 = Debug|Any CPU
		{660556AB-968A-41D9-B7EB-F1D50B2CB7D6}.Debug|x86.ActiveCfg = Debug|Any CPU
		{660556AB-968A-41D9-B7EB-F1D50B2CB7D6}.Release|Any CPU.ActiveCfg = Release|Any CPU
		{660556AB-968A-41D9-B7EB-F1D50B2CB7D6}.Release|Any CPU.Build.0 = Release|Any CPU
		{660556AB-968A-41D9-B7EB-F1D50B2CB7D6}.Release|Mixed Platforms.ActiveCfg = Release|Any CPU
		{660556AB-968A-41D9-B7EB-F1D50B2CB7D6}.Release|Mixed Platforms.Build.0 = Release|Any CPU
		{660556AB-968A-41D9-B7EB-F1D50B2CB7D6}.Release|x86.ActiveCfg = Release|Any CPU
	EndGlobalSection
	GlobalSection(SolutionProperties) = preSolution
		HideSolutionNode = FALSE
	EndGlobalSection
	GlobalSection(NestedProjects) = preSolution
		{72EE825B-0BF6-415E-AC97-F55E84054022} = {C1208B53-1C10-4639-B4F2-7268CFCE4631}
		{48EABF32-781F-432F-B87D-1AD205023F11} = {CFB4FAA1-3F62-4176-959C-E023B17C142F}
		{1CAFEE44-D5EE-4468-9125-5B43F4B972BD} = {CF86D61D-A9D0-4547-9D5B-77FBDD459686}
		{8DF14CF1-D572-4C4E-A064-06C22587D698} = {CF86D61D-A9D0-4547-9D5B-77FBDD459686}
		{BDCDD1EE-CCCB-480A-9611-232FF8DD00D2} = {52962CF5-CA2C-4C03-B37F-1748EE3A83BE}
		{59D2BC36-BD65-4684-9052-AFC46ED15AE4} = {52962CF5-CA2C-4C03-B37F-1748EE3A83BE}
		{660556AB-968A-41D9-B7EB-F1D50B2CB7D6} = {52962CF5-CA2C-4C03-B37F-1748EE3A83BE}
		{58816B0D-82BF-4CAF-BD48-C36A3D296FBD} = {A4828D92-E1EF-46CE-9D83-389A766D3A9A}
		{CD252C69-F0AD-4614-8EB4-EB74B9077487} = {A4828D92-E1EF-46CE-9D83-389A766D3A9A}
	EndGlobalSection
EndGlobal
